
Microsoft Visual Studio Solution File, Format Version 12.00
# Visual Studio 15
VisualStudioVersion = 15.0.28307.1022
MinimumVisualStudioVersion = 10.0.40219.1
Project("{FAE04EC0-301F-11D3-BF4B-00C04F79EFBC}") = "OcrProje", "OcrProje\OcrProje.csproj", "{8C7896BB-479A-42C5-9423-0564FC27E67B}"
EndProject
Global
	GlobalSection(SolutionConfigurationPlatforms) = preSolution
		Debug|Any CPU = Debug|Any CPU
		Release|Any CPU = Release|Any CPU
	EndGlobalSection
	GlobalSection(ProjectConfigurationPlatforms) = postSolution
		{8C7896BB-479A-42C5-9423-0564FC27E67B}.Debug|Any CPU.ActiveCfg = Debug|Any CPU
		{8C7896BB-479A-42C5-9423-0564FC27E67B}.Debug|Any CPU.Build.0 = Debug|Any CPU
		{8C7896BB-479A-42C5-9423-0564FC27E67B}.Release|Any CPU.ActiveCfg = Release|Any CPU
		{8C7896BB-479A-42C5-9423-0564FC27E67B}.Release|Any CPU.Build.0 = Release|Any CPU
	EndGlobalSection
	GlobalSection(SolutionProperties) = preSolution
		HideSolutionNode = FALSE
	EndGlobalSection
	GlobalSection(ExtensibilityGlobals) = postSolution
		SolutionGuid = {7FB0ED46-602D-4DF7-8937-F997D934C153}
	EndGlobalSection
EndGlobal
